
Microsoft Visual Studio Solution File, Format Version 12.00
# Visual Studio Version 17
VisualStudioVersion = 17.4.33103.184
MinimumVisualStudioVersion = 10.0.40219.1
Project("{9A19103F-16F7-4668-BE54-9A1E7A4F7556}") = "AutomakerWorkEmail", "AutomakerWorkEmail\AutomakerWorkEmail.csproj", "{D8C043DD-B4D1-4195-AB18-1AFB4C26CFFD}"
EndProject
Project("{FAE04EC0-301F-11D3-BF4B-00C04F79EFBC}") = "AutomakerWorkEmail.Tests", "AutomakerWorkEmail.Tests\AutomakerWorkEmail.Tests.csproj", "{B4F62CEE-B37F-4EC2-9171-10011F24DB5A}"
EndProject
Global
	GlobalSection(SolutionConfigurationPlatforms) = preSolution
		Debug|Any CPU = Debug|Any CPU
		Release|Any CPU = Release|Any CPU
	EndGlobalSection
	GlobalSection(ProjectConfigurationPlatforms) = postSolution
		{D8C043DD-B4D1-4195-AB18-1AFB4C26CFFD}.Debug|Any CPU.ActiveCfg = Debug|Any CPU
		{D8C043DD-B4D1-4195-AB18-1AFB4C26CFFD}.Debug|Any CPU.Build.0 = Debug|Any CPU
		{D8C043DD-B4D1-4195-AB18-1AFB4C26CFFD}.Release|Any CPU.ActiveCfg = Release|Any CPU
		{D8C043DD-B4D1-4195-AB18-1AFB4C26CFFD}.Release|Any CPU.Build.0 = Release|Any CPU
		{B4F62CEE-B37F-4EC2-9171-10011F24DB5A}.Debug|Any CPU.ActiveCfg = Debug|Any CPU
		{B4F62CEE-B37F-4EC2-9171-10011F24DB5A}.Debug|Any CPU.Build.0 = Debug|Any CPU
		{B4F62CEE-B37F-4EC2-9171-10011F24DB5A}.Release|Any CPU.ActiveCfg = Release|Any CPU
		{B4F62CEE-B37F-4EC2-9171-10011F24DB5A}.Release|Any CPU.Build.0 = Release|Any CPU
	EndGlobalSection
	GlobalSection(SolutionProperties) = preSolution
		HideSolutionNode = FALSE
	EndGlobalSection
	GlobalSection(ExtensibilityGlobals) = postSolution
		SolutionGuid = {4FA242E9-CD9F-400A-AB02-8C1AC87AF2F1}
	EndGlobalSection
EndGlobal
